<?xml version="1.0" encoding="utf-8"?>
<Project ToolsVersion="4.0" xmlns="http://schemas.microsoft.com/developer/msbuild/2003">
  <ItemGroup>
    <Filter Include="Source Files">
      <UniqueIdentifier>{4FC737F1-C7A5-4376-A066-2A32D752A2FF}</UniqueIdentifier>
      <Extensions>cpp;c;cc;cxx;def;odl;idl;hpj;bat;asm;asmx</Extensions>
    </Filter>
    <Filter Include="Header Files">
      <UniqueIdentifier>{93995380-89BD-4b04-88EB-625FBE52EBFB}</UniqueIdentifier>
      <Extensions>h;hpp;hxx;hm;inl;inc;xsd</Extensions>
    </Filter>
    <Filter Include="Resource Files">
      <UniqueIdentifier>{67DA6AB6-F800-4c08-8B7A-83BB121AAD01}</UniqueIdentifier>
      <Extensions>rc;ico;cur;bmp;dlg;rc2;rct;bin;rgs;gif;jpg;jpeg;jpe;resx;tiff;tif;png;wav;mfcribbon-ms</Extensions>
    </Filter>
    <Filter Include="_core">
      <UniqueIdentifier>{a53a843e-0a84-4a30-a836-f6b6d11c2ac9}</UniqueIdentifier>
    </Filter>
    <Filter Include="_libraries">
      <UniqueIdentifier>{44b73ee8-9b43-46c0-8560-4042b87df609}</UniqueIdentifier>
    </Filter>
    <Filter Include="_libraries\LiquidCrystal">
      <UniqueIdentifier>{4de012fc-a0ee-4b3c-a8d1-45b7e4b29813}</UniqueIdentifier>
    </Filter>
    <Filter Include="_libraries\DFR_LCD_Keypad">
      <UniqueIdentifier>{f8d2c686-4f7e-4b65-8090-76d9c7b97edf}</UniqueIdentifier>
    </Filter>
    <Filter Include="_libraries\Keypad">
      <UniqueIdentifier>{23e7d858-4768-4495-b7b9-f070a5794d30}</UniqueIdentifier>
    </Filter>
    <Filter Include="_libraries\Servo">
      <UniqueIdentifier>{5dd011ea-42d4-43e8-9545-d2a6a84b2384}</UniqueIdentifier>
    </Filter>
    <Filter Include="_libraries\Wire">
      <UniqueIdentifier>{4e43323a-da33-4dee-8d43-432da2b3e869}</UniqueIdentifier>
    </Filter>
    <Filter Include="_libraries\DigoleSerial">
      <UniqueIdentifier>{66a05fae-ee06-40fb-a012-c6c66d31d207}</UniqueIdentifier>
    </Filter>
  </ItemGroup>
  <ItemGroup>
    <None Include="PPMDisplay.ino" />
  </ItemGroup>
  <ItemGroup>
    <ClInclude Include="Visual Micro\.PPMDisplay.vsarduino.h">
      <Filter>Header Files</Filter>
    </ClInclude>
    <ClInclude Include="..\..\..\..\..\..\..\Arduino-1.0.5\hardware\arduino\cores\arduino\Arduino.h">
      <Filter>_core</Filter>
    </ClInclude>
    <ClInclude Include="..\..\..\..\..\..\..\Arduino-1.0.5\hardware\arduino\cores\arduino\binary.h">
      <Filter>_core</Filter>
    </ClInclude>
    <ClInclude Include="..\..\..\..\..\..\..\Arduino-1.0.5\hardware\arduino\cores\arduino\Client.h">
      <Filter>_core</Filter>
    </ClInclude>
    <ClInclude Include="..\..\..\..\..\..\..\Arduino-1.0.5\hardware\arduino\cores\arduino\HardwareSerial.h">
      <Filter>_core</Filter>
    </ClInclude>
    <ClInclude Include="..\..\..\..\..\..\..\Arduino-1.0.5\hardware\arduino\cores\arduino\IPAddress.h">
      <Filter>_core</Filter>
    </ClInclude>
    <ClInclude Include="..\..\..\..\..\..\..\Arduino-1.0.5\hardware\arduino\cores\arduino\new.h">
      <Filter>_core</Filter>
    </ClInclude>
    <ClInclude Include="..\..\..\..\..\..\..\Arduino-1.0.5\hardware\arduino\cores\arduino\Platform.h">
      <Filter>_core</Filter>
    </ClInclude>
    <ClInclude Include="..\..\..\..\..\..\..\Arduino-1.0.5\hardware\arduino\cores\arduino\Print.h">
      <Filter>_core</Filter>
    </ClInclude>
    <ClInclude Include="..\..\..\..\..\..\..\Arduino-1.0.5\hardware\arduino\cores\arduino\Printable.h">
      <Filter>_core</Filter>
    </ClInclude>
    <ClInclude Include="..\..\..\..\..\..\..\Arduino-1.0.5\hardware\arduino\cores\arduino\Server.h">
      <Filter>_core</Filter>
    </ClInclude>
    <ClInclude Include="..\..\..\..\..\..\..\Arduino-1.0.5\hardware\arduino\cores\arduino\Stream.h">
      <Filter>_core</Filter>
    </ClInclude>
    <ClInclude Include="..\..\..\..\..\..\..\Arduino-1.0.5\hardware\arduino\cores\arduino\Udp.h">
      <Filter>_core</Filter>
    </ClInclude>
    <ClInclude Include="..\..\..\..\..\..\..\Arduino-1.0.5\hardware\arduino\cores\arduino\USBAPI.h">
      <Filter>_core</Filter>
    </ClInclude>
    <ClInclude Include="..\..\..\..\..\..\..\Arduino-1.0.5\hardware\arduino\cores\arduino\USBCore.h">
      <Filter>_core</Filter>
    </ClInclude>
    <ClInclude Include="..\..\..\..\..\..\..\Arduino-1.0.5\hardware\arduino\cores\arduino\USBDesc.h">
      <Filter>_core</Filter>
    </ClInclude>
    <ClInclude Include="..\..\..\..\..\..\..\Arduino-1.0.5\hardware\arduino\cores\arduino\WCharacter.h">
      <Filter>_core</Filter>
    </ClInclude>
    <ClInclude Include="..\..\..\..\..\..\..\Arduino-1.0.5\hardware\arduino\cores\arduino\wiring_private.h">
      <Filter>_core</Filter>
    </ClInclude>
    <ClInclude Include="..\..\..\..\..\..\..\Arduino-1.0.5\hardware\arduino\cores\arduino\WString.h">
      <Filter>_core</Filter>
    </ClInclude>
    <ClInclude Include="..\..\..\..\..\..\..\Arduino-1.0.5\hardware\arduino\variants\standard\pins_arduino.h">
      <Filter>_core</Filter>
    </ClInclude>
    <ClInclude Include="..\..\..\..\..\..\..\Arduino-1.0.5\libraries\LiquidCrystal\LiquidCrystal.h">
      <Filter>_libraries\LiquidCrystal</Filter>
    </ClInclude>
    <ClInclude Include="..\libraries\DFR_LCD_Keypad\DFR_LCD_Keypad.h">
      <Filter>_libraries\DFR_LCD_Keypad</Filter>
    </ClInclude>
    <ClInclude Include="..\libraries\Keypad\Keypad.h">
      <Filter>_libraries\Keypad</Filter>
    </ClInclude>
    <ClInclude Include="..\..\..\..\..\..\..\Arduino-1.0.5\libraries\Servo\Servo.h">
      <Filter>_libraries\Servo</Filter>
    </ClInclude>
    <ClInclude Include="..\..\..\..\..\..\..\Arduino-1.0.5\libraries\Wire\Wire.h">
      <Filter>_libraries\Wire</Filter>
    </ClInclude>
    <ClInclude Include="..\libraries\DigoleSerial\DigoleSerial.h">
      <Filter>_libraries\DigoleSerial</Filter>
    </ClInclude>
    <ClInclude Include="..\libraries\DigoleSerial\sampledata.h">
      <Filter>_libraries\DigoleSerial</Filter>
    </ClInclude>
    <ClInclude Include="PPMDisplay.h">
      <Filter>Header Files</Filter>
    </ClInclude>
  </ItemGroup>
  <ItemGroup>
    <ClCompile Include="..\..\..\..\..\..\..\Arduino-1.0.5\hardware\arduino\cores\arduino\CDC.cpp">
      <Filter>_core</Filter>
    </ClCompile>
    <ClCompile Include="..\..\..\..\..\..\..\Arduino-1.0.5\hardware\arduino\cores\arduino\HardwareSerial.cpp">
      <Filter>_core</Filter>
    </ClCompile>
    <ClCompile Include="..\..\..\..\..\..\..\Arduino-1.0.5\hardware\arduino\cores\arduino\HID.cpp">
      <Filter>_core</Filter>
    </ClCompile>
    <ClCompile Include="..\..\..\..\..\..\..\Arduino-1.0.5\hardware\arduino\cores\arduino\IPAddress.cpp">
      <Filter>_core</Filter>
    </ClCompile>
    <ClCompile Include="..\..\..\..\..\..\..\Arduino-1.0.5\hardware\arduino\cores\arduino\main.cpp">
      <Filter>_core</Filter>
    </ClCompile>
    <ClCompile Include="..\..\..\..\..\..\..\Arduino-1.0.5\hardware\arduino\cores\arduino\new.cpp">
      <Filter>_core</Filter>
    </ClCompile>
    <ClCompile Include="..\..\..\..\..\..\..\Arduino-1.0.5\hardware\arduino\cores\arduino\Print.cpp">
      <Filter>_core</Filter>
    </ClCompile>
    <ClCompile Include="..\..\..\..\..\..\..\Arduino-1.0.5\hardware\arduino\cores\arduino\Stream.cpp">
      <Filter>_core</Filter>
    </ClCompile>
    <ClCompile Include="..\..\..\..\..\..\..\Arduino-1.0.5\hardware\arduino\cores\arduino\Tone.cpp">
      <Filter>_core</Filter>
    </ClCompile>
    <ClCompile Include="..\..\..\..\..\..\..\Arduino-1.0.5\hardware\arduino\cores\arduino\USBCore.cpp">
      <Filter>_core</Filter>
    </ClCompile>
    <ClCompile Include="..\..\..\..\..\..\..\Arduino-1.0.5\hardware\arduino\cores\arduino\WInterrupts.c">
      <Filter>_core</Filter>
    </ClCompile>
    <ClCompile Include="..\..\..\..\..\..\..\Arduino-1.0.5\hardware\arduino\cores\arduino\wiring.c">
      <Filter>_core</Filter>
    </ClCompile>
    <ClCompile Include="..\..\..\..\..\..\..\Arduino-1.0.5\hardware\arduino\cores\arduino\wiring_analog.c">
      <Filter>_core</Filter>
    </ClCompile>
    <ClCompile Include="..\..\..\..\..\..\..\Arduino-1.0.5\hardware\arduino\cores\arduino\wiring_digital.c">
      <Filter>_core</Filter>
    </ClCompile>
    <ClCompile Include="..\..\..\..\..\..\..\Arduino-1.0.5\hardware\arduino\cores\arduino\wiring_pulse.c">
      <Filter>_core</Filter>
    </ClCompile>
    <ClCompile Include="..\..\..\..\..\..\..\Arduino-1.0.5\hardware\arduino\cores\arduino\wiring_shift.c">
      <Filter>_core</Filter>
    </ClCompile>
    <ClCompile Include="..\..\..\..\..\..\..\Arduino-1.0.5\hardware\arduino\cores\arduino\WMath.cpp">
      <Filter>_core</Filter>
    </ClCompile>
    <ClCompile Include="..\..\..\..\..\..\..\Arduino-1.0.5\hardware\arduino\cores\arduino\WString.cpp">
      <Filter>_core</Filter>
    </ClCompile>
    <ClCompile Include="..\..\..\..\..\..\..\Arduino-1.0.5\libraries\LiquidCrystal\LiquidCrystal.cpp">
      <Filter>_libraries\LiquidCrystal</Filter>
    </ClCompile>
    <ClCompile Include="..\libraries\DFR_LCD_Keypad\DFR_LCD_Keypad.cpp">
      <Filter>_libraries\DFR_LCD_Keypad</Filter>
    </ClCompile>
    <ClCompile Include="..\libraries\Keypad\Keypad.cpp">
      <Filter>_libraries\Keypad</Filter>
    </ClCompile>
    <ClCompile Include="..\..\..\..\..\..\..\Arduino-1.0.5\libraries\Servo\Servo.cpp">
      <Filter>_libraries\Servo</Filter>
    </ClCompile>
    <ClCompile Include="..\..\..\..\..\..\..\Arduino-1.0.5\libraries\Wire\Wire.cpp">
      <Filter>_libraries\Wire</Filter>
    </ClCompile>
    <ClCompile Include="..\libraries\DigoleSerial\DigoleSerial.cpp">
      <Filter>_libraries\DigoleSerial</Filter>
    </ClCompile>
  </ItemGroup>
</Project>